// !$*UTF8*$!
{
	archiveVersion = 1;
	classes = {
	};
	objectVersion = 50;
	objects = {

/* Begin PBXBuildFile section */
		F262D36A2493927500B5A9B1 /* AppDelegate.swift in Sources */ = {isa = PBXBuildFile; fileRef = F262D3692493927500B5A9B1 /* AppDelegate.swift */; };
		F262D36C2493927500B5A9B1 /* SceneDelegate.swift in Sources */ = {isa = PBXBuildFile; fileRef = F262D36B2493927500B5A9B1 /* SceneDelegate.swift */; };
		F262D36E2493927500B5A9B1 /* ViewController.swift in Sources */ = {isa = PBXBuildFile; fileRef = F262D36D2493927500B5A9B1 /* ViewController.swift */; };
		F262D3712493927500B5A9B1 /* Main.storyboard in Resources */ = {isa = PBXBuildFile; fileRef = F262D36F2493927500B5A9B1 /* Main.storyboard */; };
		F262D3732493927700B5A9B1 /* Assets.xcassets in Resources */ = {isa = PBXBuildFile; fileRef = F262D3722493927700B5A9B1 /* Assets.xcassets */; };
		F262D3762493927700B5A9B1 /* LaunchScreen.storyboard in Resources */ = {isa = PBXBuildFile; fileRef = F262D3742493927700B5A9B1 /* LaunchScreen.storyboard */; };
		F262D37F2493929B00B5A9B1 /* Settings.swift in Sources */ = {isa = PBXBuildFile; fileRef = F262D37E2493929B00B5A9B1 /* Settings.swift */; };
/* End PBXBuildFile section */

/* Begin PBXFileReference section */
		F262D3662493927500B5A9B1 /* DesignPatternsExample.app */ = {isa = PBXFileReference; explicitFileType = wrapper.application; includeInIndex = 0; path = DesignPatternsExample.app; sourceTree = BUILT_PRODUCTS_DIR; };
		F262D3692493927500B5A9B1 /* AppDelegate.swift */ = {isa = PBXFileReference; lastKnownFileType = sourcecode.swift; path = AppDelegate.swift; sourceTree = "<group>"; };
		F262D36B2493927500B5A9B1 /* SceneDelegate.swift */ = {isa = PBXFileReference; lastKnownFileType = sourcecode.swift; path = SceneDelegate.swift; sourceTree = "<group>"; };
		F262D36D2493927500B5A9B1 /* ViewController.swift */ = {isa = PBXFileReference; lastKnownFileType = sourcecode.swift; path = ViewController.swift; sourceTree = "<group>"; };
		F262D3702493927500B5A9B1 /* Base */ = {isa = PBXFileReference; lastKnownFileType = file.storyboard; name = Base; path = Base.lproj/Main.storyboard; sourceTree = "<group>"; };
		F262D3722493927700B5A9B1 /* Assets.xcassets */ = {isa = PBXFileReference; lastKnownFileType = folder.assetcatalog; path = Assets.xcassets; sourceTree = "<group>"; };
		F262D3752493927700B5A9B1 /* Base */ = {isa = PBXFileReference; lastKnownFileType = file.storyboard; name = Base; path = Base.lproj/LaunchScreen.storyboard; sourceTree = "<group>"; };
		F262D3772493927700B5A9B1 /* Info.plist */ = {isa = PBXFileReference; lastKnownFileType = text.plist.xml; path = Info.plist; sourceTree = "<group>"; };
		F262D37E2493929B00B5A9B1 /* Settings.swift */ = {isa = PBXFileReference; lastKnownFileType = sourcecode.swift; path = Settings.swift; sourceTree = "<group>"; };
/* End PBXFileReference section */

/* Begin PBXFrameworksBuildPhase section */
		F262D3632493927500B5A9B1 /* Frameworks */ = {
			isa = PBXFrameworksBuildPhase;
			buildActionMask = 2147483647;
			files = (
			);
			runOnlyForDeploymentPostprocessing = 0;
		};
/* End PBXFrameworksBuildPhase section */

/* Begin PBXGroup section */
		F262D35D2493927500B5A9B1 = {
			isa = PBXGroup;
			children = (
				F262D3682493927500B5A9B1 /* DesignPatternsExample */,
				F262D3672493927500B5A9B1 /* Products */,
			);
			sourceTree = "<group>";
		};
		F262D3672493927500B5A9B1 /* Products */ = {
			isa = PBXGroup;
			children = (
				F262D3662493927500B5A9B1 /* DesignPatternsExample.app */,
			);
			name = Products;
			sourceTree = "<group>";
		};
		F262D3682493927500B5A9B1 /* DesignPatternsExample */ = {
			isa = PBXGroup;
			children = (
				F262D3802493929E00B5A9B1 /* Singleton */,
				F262D37D2493927E00B5A9B1 /* Services */,
				F262D36D2493927500B5A9B1 /* ViewController.swift */,
				F262D3772493927700B5A9B1 /* Info.plist */,
			);
			path = DesignPatternsExample;
			sourceTree = "<group>";
		};
		F262D37D2493927E00B5A9B1 /* Services */ = {
			isa = PBXGroup;
			children = (
				F262D36F2493927500B5A9B1 /* Main.storyboard */,
				F262D3742493927700B5A9B1 /* LaunchScreen.storyboard */,
				F262D3722493927700B5A9B1 /* Assets.xcassets */,
				F262D36B2493927500B5A9B1 /* SceneDelegate.swift */,
				F262D3692493927500B5A9B1 /* AppDelegate.swift */,
			);
			path = Services;
			sourceTree = "<group>";
		};
		F262D3802493929E00B5A9B1 /* Singleton */ = {
			isa = PBXGroup;
			children = (
				F262D37E2493929B00B5A9B1 /* Settings.swift */,
			);
			path = Singleton;
			sourceTree = "<group>";
		};
/* End PBXGroup section */

/* Begin PBXNativeTarget section */
		F262D3652493927500B5A9B1 /* DesignPatternsExample */ = {
			isa = PBXNativeTarget;
			buildConfigurationList = F262D37A2493927700B5A9B1 /* Build configuration list for PBXNativeTarget "DesignPatternsExample" */;
			buildPhases = (
				F262D3622493927500B5A9B1 /* Sources */,
				F262D3632493927500B5A9B1 /* Frameworks */,
				F262D3642493927500B5A9B1 /* Resources */,
			);
			buildRules = (
			);
			dependencies = (
			);
			name = DesignPatternsExample;
			productName = DesignPatternsExample;
			productReference = F262D3662493927500B5A9B1 /* DesignPatternsExample.app */;
			productType = "com.apple.product-type.application";
		};
/* End PBXNativeTarget section */

/* Begin PBXProject section */
		F262D35E2493927500B5A9B1 /* Project object */ = {
			isa = PBXProject;
			attributes = {
				LastSwiftUpdateCheck = 1150;
				LastUpgradeCheck = 1150;
				ORGANIZATIONNAME = "Анастасия Траверсе";
				TargetAttributes = {
					F262D3652493927500B5A9B1 = {
						CreatedOnToolsVersion = 11.5;
					};
				};
			};
			buildConfigurationList = F262D3612493927500B5A9B1 /* Build configuration list for PBXProject "DesignPatternsExample" */;
			compatibilityVersion = "Xcode 9.3";
			developmentRegion = en;
			hasScannedForEncodings = 0;
			knownRegions = (
				en,
				Base,
			);
			mainGroup = F262D35D2493927500B5A9B1;
			productRefGroup = F262D3672493927500B5A9B1 /* Products */;
			projectDirPath = "";
			projectRoot = "";
			targets = (
				F262D3652493927500B5A9B1 /* DesignPatternsExample */,
			);
		};
/* End PBXProject section */

/* Begin PBXResourcesBuildPhase section */
		F262D3642493927500B5A9B1 /* Resources */ = {
			isa = PBXResourcesBuildPhase;
			buildActionMask = 2147483647;
			files = (
				F262D3762493927700B5A9B1 /* LaunchScreen.storyboard in Resources */,
				F262D3732493927700B5A9B1 /* Assets.xcassets in Resources */,
				F262D3712493927500B5A9B1 /* Main.storyboard in Resources */,
			);
			runOnlyForDeploymentPostprocessing = 0;
		};
/* End PBXResourcesBuildPhase section */

/* Begin PBXSourcesBuildPhase section */
		F262D3622493927500B5A9B1 /* Sources */ = {
			isa = PBXSourcesBuildPhase;
			buildActionMask = 2147483647;
			files = (
				F262D36E2493927500B5A9B1 /* ViewController.swift in Sources */,
				F262D36A2493927500B5A9B1 /* AppDelegate.swift in Sources */,
				F262D37F2493929B00B5A9B1 /* Settings.swift in Sources */,
				F262D36C2493927500B5A9B1 /* SceneDelegate.swift in Sources */,
			);
			runOnlyForDeploymentPostprocessing = 0;
		};
/* End PBXSourcesBuildPhase section */

/* Begin PBXVariantGroup section */
		F262D36F2493927500B5A9B1 /* Main.storyboard */ = {
			isa = PBXVariantGroup;
			children = (
				F262D3702493927500B5A9B1 /* Base */,
			);
			name = Main.storyboard;
			sourceTree = "<group>";
		};
		F262D3742493927700B5A9B1 /* LaunchScreen.storyboard */ = {
			isa = PBXVariantGroup;
			children = (
				F262D3752493927700B5A9B1 /* Base */,
			);
			name = LaunchScreen.storyboard;
			sourceTree = "<group>";
		};
/* End PBXVariantGroup section */

/* Begin XCBuildConfiguration section */
		F262D3782493927700B5A9B1 /* Debug */ = {
			isa = XCBuildConfiguration;
			buildSettings = {
				ALWAYS_SEARCH_USER_PATHS = NO;
				CLANG_ANALYZER_NONNULL = YES;
				CLANG_ANALYZER_NUMBER_OBJECT_CONVERSION = YES_AGGRESSIVE;
				CLANG_CXX_LANGUAGE_STANDARD = "gnu++14";
				CLANG_CXX_LIBRARY = "libc++";
				CLANG_ENABLE_MODULES = YES;
				CLANG_ENABLE_OBJC_ARC = YES;
				CLANG_ENABLE_OBJC_WEAK = YES;
				CLANG_WARN_BLOCK_CAPTURE_AUTORELEASING = YES;
				CLANG_WARN_BOOL_CONVERSION = YES;
				CLANG_WARN_COMMA = YES;
				CLANG_WARN_CONSTANT_CONVERSION = YES;
				CLANG_WARN_DEPRECATED_OBJC_IMPLEMENTATIONS = YES;
				CLANG_WARN_DIRECT_OBJC_ISA_USAGE = YES_ERROR;
				CLANG_WARN_DOCUMENTATION_COMMENTS = YES;
				CLANG_WARN_EMPTY_BODY = YES;
				CLANG_WARN_ENUM_CONVERSION = YES;
				CLANG_WARN_INFINITE_RECURSION = YES;
				CLANG_WARN_INT_CONVERSION = YES;
				CLANG_WARN_NON_LITERAL_NULL_CONVERSION = YES;
				CLANG_WARN_OBJC_IMPLICIT_RETAIN_SELF = YES;
				CLANG_WARN_OBJC_LITERAL_CONVERSION = YES;
				CLANG_WARN_OBJC_ROOT_CLASS = YES_ERROR;
				CLANG_WARN_RANGE_LOOP_ANALYSIS = YES;
				CLANG_WARN_STRICT_PROTOTYPES = YES;
				CLANG_WARN_SUSPICIOUS_MOVE = YES;
				CLANG_WARN_UNGUARDED_AVAILABILITY = YES_AGGRESSIVE;
				CLANG_WARN_UNREACHABLE_CODE = YES;
				CLANG_WARN__DUPLICATE_METHOD_MATCH = YES;
				COPY_PHASE_STRIP = NO;
				DEBUG_INFORMATION_FORMAT = dwarf;
				ENABLE_STRICT_OBJC_MSGSEND = YES;
				ENABLE_TESTABILITY = YES;
				GCC_C_LANGUAGE_STANDARD = gnu11;
				GCC_DYNAMIC_NO_PIC = NO;
				GCC_NO_COMMON_BLOCKS = YES;
				GCC_OPTIMIZATION_LEVEL = 0;
				GCC_PREPROCESSOR_DEFINITIONS = (
					"DEBUG=1",
					"$(inherited)",
				);
				GCC_WARN_64_TO_32_BIT_CONVERSION = YES;
				GCC_WARN_ABOUT_RETURN_TYPE = YES_ERROR;
				GCC_WARN_UNDECLARED_SELECTOR = YES;
				GCC_WARN_UNINITIALIZED_AUTOS = YES_AGGRESSIVE;
				GCC_WARN_UNUSED_FUNCTION = YES;
				GCC_WARN_UNUSED_VARIABLE = YES;
				IPHONEOS_DEPLOYMENT_TARGET = 13.5;
				MTL_ENABLE_DEBUG_INFO = INCLUDE_SOURCE;
				MTL_FAST_MATH = YES;
				ONLY_ACTIVE_ARCH = YES;
				SDKROOT = iphoneos;
				SWIFT_ACTIVE_COMPILATION_CONDITIONS = DEBUG;
				SWIFT_OPTIMIZATION_LEVEL = "-Onone";
			};
			name = Debug;
		};
		F262D3792493927700B5A9B1 /* Release */ = {
			isa = XCBuildConfiguration;
			buildSettings = {
				ALWAYS_SEARCH_USER_PATHS = NO;
				CLANG_ANALYZER_NONNULL = YES;
				CLANG_ANALYZER_NUMBER_OBJECT_CONVERSION = YES_AGGRESSIVE;
				CLANG_CXX_LANGUAGE_STANDARD = "gnu++14";
				CLANG_CXX_LIBRARY = "libc++";
				CLANG_ENABLE_MODULES = YES;
				CLANG_ENABLE_OBJC_ARC = YES;
				CLANG_ENABLE_OBJC_WEAK = YES;
				CLANG_WARN_BLOCK_CAPTURE_AUTORELEASING = YES;
				CLANG_WARN_BOOL_CONVERSION = YES;
				CLANG_WARN_COMMA = YES;
				CLANG_WARN_CONSTANT_CONVERSION = YES;
				CLANG_WARN_DEPRECATED_OBJC_IMPLEMENTATIONS = YES;
				CLANG_WARN_DIRECT_OBJC_ISA_USAGE = YES_ERROR;
				CLANG_WARN_DOCUMENTATION_COMMENTS = YES;
				CLANG_WARN_EMPTY_BODY = YES;
				CLANG_WARN_ENUM_CONVERSION = YES;
				CLANG_WARN_INFINITE_RECURSION = YES;
				CLANG_WARN_INT_CONVERSION = YES;
				CLANG_WARN_NON_LITERAL_NULL_CONVERSION = YES;
				CLANG_WARN_OBJC_IMPLICIT_RETAIN_SELF = YES;
				CLANG_WARN_OBJC_LITERAL_CONVERSION = YES;
				CLANG_WARN_OBJC_ROOT_CLASS = YES_ERROR;
				CLANG_WARN_RANGE_LOOP_ANALYSIS = YES;
				CLANG_WARN_STRICT_PROTOTYPES = YES;
				CLANG_WARN_SUSPICIOUS_MOVE = YES;
				CLANG_WARN_UNGUARDED_AVAILABILITY = YES_AGGRESSIVE;
				CLANG_WARN_UNREACHABLE_CODE = YES;
				CLANG_WARN__DUPLICATE_METHOD_MATCH = YES;
				COPY_PHASE_STRIP = NO;
				DEBUG_INFORMATION_FORMAT = "dwarf-with-dsym";
				ENABLE_NS_ASSERTIONS = NO;
				ENABLE_STRICT_OBJC_MSGSEND = YES;
				GCC_C_LANGUAGE_STANDARD = gnu11;
				GCC_NO_COMMON_BLOCKS = YES;
				GCC_WARN_64_TO_32_BIT_CONVERSION = YES;
				GCC_WARN_ABOUT_RETURN_TYPE = YES_ERROR;
				GCC_WARN_UNDECLARED_SELECTOR = YES;
				GCC_WARN_UNINITIALIZED_AUTOS = YES_AGGRESSIVE;
				GCC_WARN_UNUSED_FUNCTION = YES;
				GCC_WARN_UNUSED_VARIABLE = YES;
				IPHONEOS_DEPLOYMENT_TARGET = 13.5;
				MTL_ENABLE_DEBUG_INFO = NO;
				MTL_FAST_MATH = YES;
				SDKROOT = iphoneos;
				SWIFT_COMPILATION_MODE = wholemodule;
				SWIFT_OPTIMIZATION_LEVEL = "-O";
				VALIDATE_PRODUCT = YES;
			};
			name = Release;
		};
		F262D37B2493927700B5A9B1 /* Debug */ = {
			isa = XCBuildConfiguration;
			buildSettings = {
				ASSETCATALOG_COMPILER_APPICON_NAME = AppIcon;
				CODE_SIGN_STYLE = Automatic;
				DEVELOPMENT_TEAM = 6YS5R3C3SB;
				INFOPLIST_FILE = DesignPatternsExample/Info.plist;
				LD_RUNPATH_SEARCH_PATHS = (
					"$(inherited)",
					"@executable_path/Frameworks",
				);
				PRODUCT_BUNDLE_IDENTIFIER = aTraverse.DesignPatternsExample;
				PRODUCT_NAME = "$(TARGET_NAME)";
				SWIFT_VERSION = 5.0;
				TARGETED_DEVICE_FAMILY = "1,2";
			};
			name = Debug;
		};
		F262D37C2493927700B5A9B1 /* Release */ = {
			isa = XCBuildConfiguration;
			buildSettings = {
				ASSETCATALOG_COMPILER_APPICON_NAME = AppIcon;
				CODE_SIGN_STYLE = Automatic;
				DEVELOPMENT_TEAM = 6YS5R3C3SB;
				INFOPLIST_FILE = DesignPatternsExample/Info.plist;
				LD_RUNPATH_SEARCH_PATHS = (
					"$(inherited)",
					"@executable_path/Frameworks",
				);
				PRODUCT_BUNDLE_IDENTIFIER = aTraverse.DesignPatternsExample;
				PRODUCT_NAME = "$(TARGET_NAME)";
				SWIFT_VERSION = 5.0;
				TARGETED_DEVICE_FAMILY = "1,2";
			};
			name = Release;
		};
/* End XCBuildConfiguration section */

/* Begin XCConfigurationList section */
		F262D3612493927500B5A9B1 /* Build configuration list for PBXProject "DesignPatternsExample" */ = {
			isa = XCConfigurationList;
			buildConfigurations = (
				F262D3782493927700B5A9B1 /* Debug */,
				F262D3792493927700B5A9B1 /* Release */,
			);
			defaultConfigurationIsVisible = 0;
			defaultConfigurationName = Release;
		};
		F262D37A2493927700B5A9B1 /* Build configuration list for PBXNativeTarget "DesignPatternsExample" */ = {
			isa = XCConfigurationList;
			buildConfigurations = (
				F262D37B2493927700B5A9B1 /* Debug */,
				F262D37C2493927700B5A9B1 /* Release */,
			);
			defaultConfigurationIsVisible = 0;
			defaultConfigurationName = Release;
		};
/* End XCConfigurationList section */
	};
	rootObject = F262D35E2493927500B5A9B1 /* Project object */;
}
